
Microsoft Visual Studio Solution File, Format Version 12.00
# Visual Studio Version 17
VisualStudioVersion = 17.8.34525.116
MinimumVisualStudioVersion = 10.0.40219.1
Project("{FAE04EC0-301F-11D3-BF4B-00C04F79EFBC}") = "MenuPizza", "MenuPizza.csproj", "{187620A7-EAE7-4678-ABB9-39B4D5F729AB}"
EndProject
Global
	GlobalSection(SolutionConfigurationPlatforms) = preSolution
		Debug|Any CPU = Debug|Any CPU
		Release|Any CPU = Release|Any CPU
	EndGlobalSection
	GlobalSection(ProjectConfigurationPlatforms) = postSolution
		{187620A7-EAE7-4678-ABB9-39B4D5F729AB}.Debug|Any CPU.ActiveCfg = Debug|Any CPU
		{187620A7-EAE7-4678-ABB9-39B4D5F729AB}.Debug|Any CPU.Build.0 = Debug|Any CPU
		{187620A7-EAE7-4678-ABB9-39B4D5F729AB}.Release|Any CPU.ActiveCfg = Release|Any CPU
		{187620A7-EAE7-4678-ABB9-39B4D5F729AB}.Release|Any CPU.Build.0 = Release|Any CPU
	EndGlobalSection
	GlobalSection(SolutionProperties) = preSolution
		HideSolutionNode = FALSE
	EndGlobalSection
	GlobalSection(ExtensibilityGlobals) = postSolution
		SolutionGuid = {B2E9E509-C77E-4C3A-A44E-7C0DF0F30B27}
	EndGlobalSection
EndGlobal
