
Microsoft Visual Studio Solution File, Format Version 12.00
# Visual Studio Version 17
VisualStudioVersion = 17.8.34525.116
MinimumVisualStudioVersion = 10.0.40219.1
Project("{FAE04EC0-301F-11D3-BF4B-00C04F79EFBC}") = "Clase_04_03_2024", "Clase_04_03_2024.csproj", "{1AC2CA4B-AB59-4492-9E30-A732916191A5}"
EndProject
Global
	GlobalSection(SolutionConfigurationPlatforms) = preSolution
		Debug|Any CPU = Debug|Any CPU
		Release|Any CPU = Release|Any CPU
	EndGlobalSection
	GlobalSection(ProjectConfigurationPlatforms) = postSolution
		{1AC2CA4B-AB59-4492-9E30-A732916191A5}.Debug|Any CPU.ActiveCfg = Debug|Any CPU
		{1AC2CA4B-AB59-4492-9E30-A732916191A5}.Debug|Any CPU.Build.0 = Debug|Any CPU
		{1AC2CA4B-AB59-4492-9E30-A732916191A5}.Release|Any CPU.ActiveCfg = Release|Any CPU
		{1AC2CA4B-AB59-4492-9E30-A732916191A5}.Release|Any CPU.Build.0 = Release|Any CPU
	EndGlobalSection
	GlobalSection(SolutionProperties) = preSolution
		HideSolutionNode = FALSE
	EndGlobalSection
	GlobalSection(ExtensibilityGlobals) = postSolution
		SolutionGuid = {19DBFB80-6AF2-4EB9-A5ED-2AE89DD351F2}
	EndGlobalSection
EndGlobal
