
Microsoft Visual Studio Solution File, Format Version 12.00
# Visual Studio Version 17
VisualStudioVersion = 17.8.34525.116
MinimumVisualStudioVersion = 10.0.40219.1
Project("{FAE04EC0-301F-11D3-BF4B-00C04F79EFBC}") = "DescuentosPorCondicion", "DescuentosPorCondicion.csproj", "{FB9B4729-C893-4341-AAE2-BCDA9EC0C337}"
EndProject
Global
	GlobalSection(SolutionConfigurationPlatforms) = preSolution
		Debug|Any CPU = Debug|Any CPU
		Release|Any CPU = Release|Any CPU
	EndGlobalSection
	GlobalSection(ProjectConfigurationPlatforms) = postSolution
		{FB9B4729-C893-4341-AAE2-BCDA9EC0C337}.Debug|Any CPU.ActiveCfg = Debug|Any CPU
		{FB9B4729-C893-4341-AAE2-BCDA9EC0C337}.Debug|Any CPU.Build.0 = Debug|Any CPU
		{FB9B4729-C893-4341-AAE2-BCDA9EC0C337}.Release|Any CPU.ActiveCfg = Release|Any CPU
		{FB9B4729-C893-4341-AAE2-BCDA9EC0C337}.Release|Any CPU.Build.0 = Release|Any CPU
	EndGlobalSection
	GlobalSection(SolutionProperties) = preSolution
		HideSolutionNode = FALSE
	EndGlobalSection
	GlobalSection(ExtensibilityGlobals) = postSolution
		SolutionGuid = {AAC8E49A-9721-4CD4-87C0-700BD89FCEA6}
	EndGlobalSection
EndGlobal
